
Microsoft Visual Studio Solution File, Format Version 12.00
# Visual Studio 15
VisualStudioVersion = 15.0.28010.2050
MinimumVisualStudioVersion = 10.0.40219.1
Project("{FAE04EC0-301F-11D3-BF4B-00C04F79EFBC}") = "HallCounter.Logic", "HallCounter.Logic\HallCounter.Logic.csproj", "{8FB1E7E4-B3F5-4585-A13A-E3E33C7E6B77}"
EndProject
Project("{FAE04EC0-301F-11D3-BF4B-00C04F79EFBC}") = "HallCounter.Interface", "HallCounter.Interface\HallCounter.Interface.csproj", "{0991A2C8-9F85-43E4-B1A2-8AF2B21AEFC1}"
EndProject
Global
	GlobalSection(SolutionConfigurationPlatforms) = preSolution
		Debug|Any CPU = Debug|Any CPU
		Release|Any CPU = Release|Any CPU
	EndGlobalSection
	GlobalSection(ProjectConfigurationPlatforms) = postSolution
		{8FB1E7E4-B3F5-4585-A13A-E3E33C7E6B77}.Debug|Any CPU.ActiveCfg = Debug|Any CPU
		{8FB1E7E4-B3F5-4585-A13A-E3E33C7E6B77}.Debug|Any CPU.Build.0 = Debug|Any CPU
		{8FB1E7E4-B3F5-4585-A13A-E3E33C7E6B77}.Release|Any CPU.ActiveCfg = Release|Any CPU
		{8FB1E7E4-B3F5-4585-A13A-E3E33C7E6B77}.Release|Any CPU.Build.0 = Release|Any CPU
		{0991A2C8-9F85-43E4-B1A2-8AF2B21AEFC1}.Debug|Any CPU.ActiveCfg = Debug|Any CPU
		{0991A2C8-9F85-43E4-B1A2-8AF2B21AEFC1}.Debug|Any CPU.Build.0 = Debug|Any CPU
		{0991A2C8-9F85-43E4-B1A2-8AF2B21AEFC1}.Release|Any CPU.ActiveCfg = Release|Any CPU
		{0991A2C8-9F85-43E4-B1A2-8AF2B21AEFC1}.Release|Any CPU.Build.0 = Release|Any CPU
	EndGlobalSection
	GlobalSection(SolutionProperties) = preSolution
		HideSolutionNode = FALSE
	EndGlobalSection
	GlobalSection(ExtensibilityGlobals) = postSolution
		SolutionGuid = {79054D29-5427-4901-8D98-BA65592CBB90}
	EndGlobalSection
EndGlobal
